
Microsoft Visual Studio Solution File, Format Version 12.00
# Visual Studio Version 16
VisualStudioVersion = 16.0.31112.23
MinimumVisualStudioVersion = 10.0.40219.1
Project("{9A19103F-16F7-4668-BE54-9A1E7A4F7556}") = "Tcc.Sigo.Normas.Acl", "Tcc.Sigo.Normas.Acl\Tcc.Sigo.Normas.Acl.csproj", "{B19B9EB0-68D1-48EA-884B-102A2FBA8ADB}"
EndProject
Project("{E53339B2-1760-4266-BCC7-CA923CBCF16C}") = "docker-compose", "..\docker-compose.dcproj", "{AF5B7FE3-20A0-4A71-AA76-1FBDEDEC83E2}"
EndProject
Global
	GlobalSection(SolutionConfigurationPlatforms) = preSolution
		Debug|Any CPU = Debug|Any CPU
		Release|Any CPU = Release|Any CPU
	EndGlobalSection
	GlobalSection(ProjectConfigurationPlatforms) = postSolution
		{B19B9EB0-68D1-48EA-884B-102A2FBA8ADB}.Debug|Any CPU.ActiveCfg = Debug|Any CPU
		{B19B9EB0-68D1-48EA-884B-102A2FBA8ADB}.Debug|Any CPU.Build.0 = Debug|Any CPU
		{B19B9EB0-68D1-48EA-884B-102A2FBA8ADB}.Release|Any CPU.ActiveCfg = Release|Any CPU
		{B19B9EB0-68D1-48EA-884B-102A2FBA8ADB}.Release|Any CPU.Build.0 = Release|Any CPU
		{AF5B7FE3-20A0-4A71-AA76-1FBDEDEC83E2}.Debug|Any CPU.ActiveCfg = Debug|Any CPU
		{AF5B7FE3-20A0-4A71-AA76-1FBDEDEC83E2}.Debug|Any CPU.Build.0 = Debug|Any CPU
		{AF5B7FE3-20A0-4A71-AA76-1FBDEDEC83E2}.Release|Any CPU.ActiveCfg = Release|Any CPU
		{AF5B7FE3-20A0-4A71-AA76-1FBDEDEC83E2}.Release|Any CPU.Build.0 = Release|Any CPU
	EndGlobalSection
	GlobalSection(SolutionProperties) = preSolution
		HideSolutionNode = FALSE
	EndGlobalSection
	GlobalSection(ExtensibilityGlobals) = postSolution
		SolutionGuid = {954FF4E4-B9FB-4BBB-BFE6-472CE70AB1EB}
	EndGlobalSection
EndGlobal
